// !$*UTF8*$!
{
	archiveVersion = 1;
	classes = {
	};
	objectVersion = 55;
	objects = {

/* Begin PBXBuildFile section */
		1956571828BCD1B800FF4207 /* AppDelegate.swift in Sources */ = {isa = PBXBuildFile; fileRef = 1956571728BCD1B800FF4207 /* AppDelegate.swift */; };
		1956571A28BCD1B800FF4207 /* SceneDelegate.swift in Sources */ = {isa = PBXBuildFile; fileRef = 1956571928BCD1B800FF4207 /* SceneDelegate.swift */; };
		1956571F28BCD1B800FF4207 /* Main.storyboard in Resources */ = {isa = PBXBuildFile; fileRef = 1956571D28BCD1B800FF4207 /* Main.storyboard */; };
		1956572128BCD1BA00FF4207 /* Assets.xcassets in Resources */ = {isa = PBXBuildFile; fileRef = 1956572028BCD1BA00FF4207 /* Assets.xcassets */; };
		1956572428BCD1BA00FF4207 /* LaunchScreen.storyboard in Resources */ = {isa = PBXBuildFile; fileRef = 1956572228BCD1BA00FF4207 /* LaunchScreen.storyboard */; };
		1956572C28BCD45500FF4207 /* MainViewController.swift in Sources */ = {isa = PBXBuildFile; fileRef = 1956572B28BCD45500FF4207 /* MainViewController.swift */; };
		1956572E28BCD96000FF4207 /* NetworkManager.swift in Sources */ = {isa = PBXBuildFile; fileRef = 1956572D28BCD96000FF4207 /* NetworkManager.swift */; };
		1956573528BCDD4B00FF4207 /* UserActionCell.swift in Sources */ = {isa = PBXBuildFile; fileRef = 1956573428BCDD4B00FF4207 /* UserActionCell.swift */; };
		1956573728BCE0D900FF4207 /* ImageViewController.swift in Sources */ = {isa = PBXBuildFile; fileRef = 1956573628BCE0D900FF4207 /* ImageViewController.swift */; };
		1956573A28BCF51000FF4207 /* Course.swift in Sources */ = {isa = PBXBuildFile; fileRef = 1956573928BCF51000FF4207 /* Course.swift */; };
		1956573C28BCF6C500FF4207 /* CoursesTableViewController.swift in Sources */ = {isa = PBXBuildFile; fileRef = 1956573B28BCF6C500FF4207 /* CoursesTableViewController.swift */; };
		1956573E28BCF92F00FF4207 /* CoursesCell.swift in Sources */ = {isa = PBXBuildFile; fileRef = 1956573D28BCF92F00FF4207 /* CoursesCell.swift */; };
		1956574128C08DBF00FF4207 /* Alamofire in Frameworks */ = {isa = PBXBuildFile; productRef = 1956574028C08DBF00FF4207 /* Alamofire */; };
/* End PBXBuildFile section */

/* Begin PBXFileReference section */
		1956571428BCD1B800FF4207 /* Networking.app */ = {isa = PBXFileReference; explicitFileType = wrapper.application; includeInIndex = 0; path = Networking.app; sourceTree = BUILT_PRODUCTS_DIR; };
		1956571728BCD1B800FF4207 /* AppDelegate.swift */ = {isa = PBXFileReference; lastKnownFileType = sourcecode.swift; path = AppDelegate.swift; sourceTree = "<group>"; };
		1956571928BCD1B800FF4207 /* SceneDelegate.swift */ = {isa = PBXFileReference; lastKnownFileType = sourcecode.swift; path = SceneDelegate.swift; sourceTree = "<group>"; };
		1956571E28BCD1B800FF4207 /* Base */ = {isa = PBXFileReference; lastKnownFileType = file.storyboard; name = Base; path = Base.lproj/Main.storyboard; sourceTree = "<group>"; };
		1956572028BCD1BA00FF4207 /* Assets.xcassets */ = {isa = PBXFileReference; lastKnownFileType = folder.assetcatalog; path = Assets.xcassets; sourceTree = "<group>"; };
		1956572328BCD1BA00FF4207 /* Base */ = {isa = PBXFileReference; lastKnownFileType = file.storyboard; name = Base; path = Base.lproj/LaunchScreen.storyboard; sourceTree = "<group>"; };
		1956572528BCD1BA00FF4207 /* Info.plist */ = {isa = PBXFileReference; lastKnownFileType = text.plist.xml; path = Info.plist; sourceTree = "<group>"; };
		1956572B28BCD45500FF4207 /* MainViewController.swift */ = {isa = PBXFileReference; lastKnownFileType = sourcecode.swift; path = MainViewController.swift; sourceTree = "<group>"; };
		1956572D28BCD96000FF4207 /* NetworkManager.swift */ = {isa = PBXFileReference; lastKnownFileType = sourcecode.swift; path = NetworkManager.swift; sourceTree = "<group>"; };
		1956573428BCDD4B00FF4207 /* UserActionCell.swift */ = {isa = PBXFileReference; lastKnownFileType = sourcecode.swift; path = UserActionCell.swift; sourceTree = "<group>"; };
		1956573628BCE0D900FF4207 /* ImageViewController.swift */ = {isa = PBXFileReference; lastKnownFileType = sourcecode.swift; path = ImageViewController.swift; sourceTree = "<group>"; };
		1956573928BCF51000FF4207 /* Course.swift */ = {isa = PBXFileReference; lastKnownFileType = sourcecode.swift; path = Course.swift; sourceTree = "<group>"; };
		1956573B28BCF6C500FF4207 /* CoursesTableViewController.swift */ = {isa = PBXFileReference; lastKnownFileType = sourcecode.swift; path = CoursesTableViewController.swift; sourceTree = "<group>"; };
		1956573D28BCF92F00FF4207 /* CoursesCell.swift */ = {isa = PBXFileReference; lastKnownFileType = sourcecode.swift; path = CoursesCell.swift; sourceTree = "<group>"; };
/* End PBXFileReference section */

/* Begin PBXFrameworksBuildPhase section */
		1956571128BCD1B800FF4207 /* Frameworks */ = {
			isa = PBXFrameworksBuildPhase;
			buildActionMask = 2147483647;
			files = (
				1956574128C08DBF00FF4207 /* Alamofire in Frameworks */,
			);
			runOnlyForDeploymentPostprocessing = 0;
		};
/* End PBXFrameworksBuildPhase section */

/* Begin PBXGroup section */
		1956570B28BCD1B800FF4207 = {
			isa = PBXGroup;
			children = (
				1956571628BCD1B800FF4207 /* Networking */,
				1956571528BCD1B800FF4207 /* Products */,
			);
			sourceTree = "<group>";
		};
		1956571528BCD1B800FF4207 /* Products */ = {
			isa = PBXGroup;
			children = (
				1956571428BCD1B800FF4207 /* Networking.app */,
			);
			name = Products;
			sourceTree = "<group>";
		};
		1956571628BCD1B800FF4207 /* Networking */ = {
			isa = PBXGroup;
			children = (
				1956572F28BCDB6500FF4207 /* Services */,
				1956573828BCF4FD00FF4207 /* Models */,
				1956573328BCDBD000FF4207 /* ViewCell */,
				1956573028BCDB8500FF4207 /* ViewControllers */,
				1956571728BCD1B800FF4207 /* AppDelegate.swift */,
				1956571928BCD1B800FF4207 /* SceneDelegate.swift */,
				1956571D28BCD1B800FF4207 /* Main.storyboard */,
				1956572028BCD1BA00FF4207 /* Assets.xcassets */,
				1956572228BCD1BA00FF4207 /* LaunchScreen.storyboard */,
				1956572528BCD1BA00FF4207 /* Info.plist */,
			);
			path = Networking;
			sourceTree = "<group>";
		};
		1956572F28BCDB6500FF4207 /* Services */ = {
			isa = PBXGroup;
			children = (
				1956572D28BCD96000FF4207 /* NetworkManager.swift */,
			);
			path = Services;
			sourceTree = "<group>";
		};
		1956573028BCDB8500FF4207 /* ViewControllers */ = {
			isa = PBXGroup;
			children = (
				1956572B28BCD45500FF4207 /* MainViewController.swift */,
				1956573B28BCF6C500FF4207 /* CoursesTableViewController.swift */,
				1956573628BCE0D900FF4207 /* ImageViewController.swift */,
			);
			path = ViewControllers;
			sourceTree = "<group>";
		};
		1956573328BCDBD000FF4207 /* ViewCell */ = {
			isa = PBXGroup;
			children = (
				1956573428BCDD4B00FF4207 /* UserActionCell.swift */,
				1956573D28BCF92F00FF4207 /* CoursesCell.swift */,
			);
			path = ViewCell;
			sourceTree = "<group>";
		};
		1956573828BCF4FD00FF4207 /* Models */ = {
			isa = PBXGroup;
			children = (
				1956573928BCF51000FF4207 /* Course.swift */,
			);
			path = Models;
			sourceTree = "<group>";
		};
/* End PBXGroup section */

/* Begin PBXNativeTarget section */
		1956571328BCD1B800FF4207 /* Networking */ = {
			isa = PBXNativeTarget;
			buildConfigurationList = 1956572828BCD1BA00FF4207 /* Build configuration list for PBXNativeTarget "Networking" */;
			buildPhases = (
				1956571028BCD1B800FF4207 /* Sources */,
				1956571128BCD1B800FF4207 /* Frameworks */,
				1956571228BCD1B800FF4207 /* Resources */,
			);
			buildRules = (
			);
			dependencies = (
			);
			name = Networking;
			packageProductDependencies = (
				1956574028C08DBF00FF4207 /* Alamofire */,
			);
			productName = Networking;
			productReference = 1956571428BCD1B800FF4207 /* Networking.app */;
			productType = "com.apple.product-type.application";
		};
/* End PBXNativeTarget section */

/* Begin PBXProject section */
		1956570C28BCD1B800FF4207 /* Project object */ = {
			isa = PBXProject;
			attributes = {
				BuildIndependentTargetsInParallel = 1;
				LastSwiftUpdateCheck = 1340;
				LastUpgradeCheck = 1340;
				TargetAttributes = {
					1956571328BCD1B800FF4207 = {
						CreatedOnToolsVersion = 13.4.1;
					};
				};
			};
			buildConfigurationList = 1956570F28BCD1B800FF4207 /* Build configuration list for PBXProject "Networking" */;
			compatibilityVersion = "Xcode 13.0";
			developmentRegion = en;
			hasScannedForEncodings = 0;
			knownRegions = (
				en,
				Base,
			);
			mainGroup = 1956570B28BCD1B800FF4207;
			packageReferences = (
				1956573F28C08DBF00FF4207 /* XCRemoteSwiftPackageReference "Alamofire" */,
			);
			productRefGroup = 1956571528BCD1B800FF4207 /* Products */;
			projectDirPath = "";
			projectRoot = "";
			targets = (
				1956571328BCD1B800FF4207 /* Networking */,
			);
		};
/* End PBXProject section */

/* Begin PBXResourcesBuildPhase section */
		1956571228BCD1B800FF4207 /* Resources */ = {
			isa = PBXResourcesBuildPhase;
			buildActionMask = 2147483647;
			files = (
				1956572428BCD1BA00FF4207 /* LaunchScreen.storyboard in Resources */,
				1956572128BCD1BA00FF4207 /* Assets.xcassets in Resources */,
				1956571F28BCD1B800FF4207 /* Main.storyboard in Resources */,
			);
			runOnlyForDeploymentPostprocessing = 0;
		};
/* End PBXResourcesBuildPhase section */

/* Begin PBXSourcesBuildPhase section */
		1956571028BCD1B800FF4207 /* Sources */ = {
			isa = PBXSourcesBuildPhase;
			buildActionMask = 2147483647;
			files = (
				1956573528BCDD4B00FF4207 /* UserActionCell.swift in Sources */,
				1956573A28BCF51000FF4207 /* Course.swift in Sources */,
				1956572E28BCD96000FF4207 /* NetworkManager.swift in Sources */,
				1956571828BCD1B800FF4207 /* AppDelegate.swift in Sources */,
				1956573C28BCF6C500FF4207 /* CoursesTableViewController.swift in Sources */,
				1956571A28BCD1B800FF4207 /* SceneDelegate.swift in Sources */,
				1956573E28BCF92F00FF4207 /* CoursesCell.swift in Sources */,
				1956573728BCE0D900FF4207 /* ImageViewController.swift in Sources */,
				1956572C28BCD45500FF4207 /* MainViewController.swift in Sources */,
			);
			runOnlyForDeploymentPostprocessing = 0;
		};
/* End PBXSourcesBuildPhase section */

/* Begin PBXVariantGroup section */
		1956571D28BCD1B800FF4207 /* Main.storyboard */ = {
			isa = PBXVariantGroup;
			children = (
				1956571E28BCD1B800FF4207 /* Base */,
			);
			name = Main.storyboard;
			sourceTree = "<group>";
		};
		1956572228BCD1BA00FF4207 /* LaunchScreen.storyboard */ = {
			isa = PBXVariantGroup;
			children = (
				1956572328BCD1BA00FF4207 /* Base */,
			);
			name = LaunchScreen.storyboard;
			sourceTree = "<group>";
		};
/* End PBXVariantGroup section */

/* Begin XCBuildConfiguration section */
		1956572628BCD1BA00FF4207 /* Debug */ = {
			isa = XCBuildConfiguration;
			buildSettings = {
				ALWAYS_SEARCH_USER_PATHS = NO;
				CLANG_ANALYZER_NONNULL = YES;
				CLANG_ANALYZER_NUMBER_OBJECT_CONVERSION = YES_AGGRESSIVE;
				CLANG_CXX_LANGUAGE_STANDARD = "gnu++17";
				CLANG_ENABLE_MODULES = YES;
				CLANG_ENABLE_OBJC_ARC = YES;
				CLANG_ENABLE_OBJC_WEAK = YES;
				CLANG_WARN_BLOCK_CAPTURE_AUTORELEASING = YES;
				CLANG_WARN_BOOL_CONVERSION = YES;
				CLANG_WARN_COMMA = YES;
				CLANG_WARN_CONSTANT_CONVERSION = YES;
				CLANG_WARN_DEPRECATED_OBJC_IMPLEMENTATIONS = YES;
				CLANG_WARN_DIRECT_OBJC_ISA_USAGE = YES_ERROR;
				CLANG_WARN_DOCUMENTATION_COMMENTS = YES;
				CLANG_WARN_EMPTY_BODY = YES;
				CLANG_WARN_ENUM_CONVERSION = YES;
				CLANG_WARN_INFINITE_RECURSION = YES;
				CLANG_WARN_INT_CONVERSION = YES;
				CLANG_WARN_NON_LITERAL_NULL_CONVERSION = YES;
				CLANG_WARN_OBJC_IMPLICIT_RETAIN_SELF = YES;
				CLANG_WARN_OBJC_LITERAL_CONVERSION = YES;
				CLANG_WARN_OBJC_ROOT_CLASS = YES_ERROR;
				CLANG_WARN_QUOTED_INCLUDE_IN_FRAMEWORK_HEADER = YES;
				CLANG_WARN_RANGE_LOOP_ANALYSIS = YES;
				CLANG_WARN_STRICT_PROTOTYPES = YES;
				CLANG_WARN_SUSPICIOUS_MOVE = YES;
				CLANG_WARN_UNGUARDED_AVAILABILITY = YES_AGGRESSIVE;
				CLANG_WARN_UNREACHABLE_CODE = YES;
				CLANG_WARN__DUPLICATE_METHOD_MATCH = YES;
				COPY_PHASE_STRIP = NO;
				DEBUG_INFORMATION_FORMAT = dwarf;
				ENABLE_STRICT_OBJC_MSGSEND = YES;
				ENABLE_TESTABILITY = YES;
				GCC_C_LANGUAGE_STANDARD = gnu11;
				GCC_DYNAMIC_NO_PIC = NO;
				GCC_NO_COMMON_BLOCKS = YES;
				GCC_OPTIMIZATION_LEVEL = 0;
				GCC_PREPROCESSOR_DEFINITIONS = (
					"DEBUG=1",
					"$(inherited)",
				);
				GCC_WARN_64_TO_32_BIT_CONVERSION = YES;
				GCC_WARN_ABOUT_RETURN_TYPE = YES_ERROR;
				GCC_WARN_UNDECLARED_SELECTOR = YES;
				GCC_WARN_UNINITIALIZED_AUTOS = YES_AGGRESSIVE;
				GCC_WARN_UNUSED_FUNCTION = YES;
				GCC_WARN_UNUSED_VARIABLE = YES;
				IPHONEOS_DEPLOYMENT_TARGET = 15.5;
				MTL_ENABLE_DEBUG_INFO = INCLUDE_SOURCE;
				MTL_FAST_MATH = YES;
				ONLY_ACTIVE_ARCH = YES;
				SDKROOT = iphoneos;
				SWIFT_ACTIVE_COMPILATION_CONDITIONS = DEBUG;
				SWIFT_OPTIMIZATION_LEVEL = "-Onone";
			};
			name = Debug;
		};
		1956572728BCD1BA00FF4207 /* Release */ = {
			isa = XCBuildConfiguration;
			buildSettings = {
				ALWAYS_SEARCH_USER_PATHS = NO;
				CLANG_ANALYZER_NONNULL = YES;
				CLANG_ANALYZER_NUMBER_OBJECT_CONVERSION = YES_AGGRESSIVE;
				CLANG_CXX_LANGUAGE_STANDARD = "gnu++17";
				CLANG_ENABLE_MODULES = YES;
				CLANG_ENABLE_OBJC_ARC = YES;
				CLANG_ENABLE_OBJC_WEAK = YES;
				CLANG_WARN_BLOCK_CAPTURE_AUTORELEASING = YES;
				CLANG_WARN_BOOL_CONVERSION = YES;
				CLANG_WARN_COMMA = YES;
				CLANG_WARN_CONSTANT_CONVERSION = YES;
				CLANG_WARN_DEPRECATED_OBJC_IMPLEMENTATIONS = YES;
				CLANG_WARN_DIRECT_OBJC_ISA_USAGE = YES_ERROR;
				CLANG_WARN_DOCUMENTATION_COMMENTS = YES;
				CLANG_WARN_EMPTY_BODY = YES;
				CLANG_WARN_ENUM_CONVERSION = YES;
				CLANG_WARN_INFINITE_RECURSION = YES;
				CLANG_WARN_INT_CONVERSION = YES;
				CLANG_WARN_NON_LITERAL_NULL_CONVERSION = YES;
				CLANG_WARN_OBJC_IMPLICIT_RETAIN_SELF = YES;
				CLANG_WARN_OBJC_LITERAL_CONVERSION = YES;
				CLANG_WARN_OBJC_ROOT_CLASS = YES_ERROR;
				CLANG_WARN_QUOTED_INCLUDE_IN_FRAMEWORK_HEADER = YES;
				CLANG_WARN_RANGE_LOOP_ANALYSIS = YES;
				CLANG_WARN_STRICT_PROTOTYPES = YES;
				CLANG_WARN_SUSPICIOUS_MOVE = YES;
				CLANG_WARN_UNGUARDED_AVAILABILITY = YES_AGGRESSIVE;
				CLANG_WARN_UNREACHABLE_CODE = YES;
				CLANG_WARN__DUPLICATE_METHOD_MATCH = YES;
				COPY_PHASE_STRIP = NO;
				DEBUG_INFORMATION_FORMAT = "dwarf-with-dsym";
				ENABLE_NS_ASSERTIONS = NO;
				ENABLE_STRICT_OBJC_MSGSEND = YES;
				GCC_C_LANGUAGE_STANDARD = gnu11;
				GCC_NO_COMMON_BLOCKS = YES;
				GCC_WARN_64_TO_32_BIT_CONVERSION = YES;
				GCC_WARN_ABOUT_RETURN_TYPE = YES_ERROR;
				GCC_WARN_UNDECLARED_SELECTOR = YES;
				GCC_WARN_UNINITIALIZED_AUTOS = YES_AGGRESSIVE;
				GCC_WARN_UNUSED_FUNCTION = YES;
				GCC_WARN_UNUSED_VARIABLE = YES;
				IPHONEOS_DEPLOYMENT_TARGET = 15.5;
				MTL_ENABLE_DEBUG_INFO = NO;
				MTL_FAST_MATH = YES;
				SDKROOT = iphoneos;
				SWIFT_COMPILATION_MODE = wholemodule;
				SWIFT_OPTIMIZATION_LEVEL = "-O";
				VALIDATE_PRODUCT = YES;
			};
			name = Release;
		};
		1956572928BCD1BA00FF4207 /* Debug */ = {
			isa = XCBuildConfiguration;
			buildSettings = {
				ASSETCATALOG_COMPILER_APPICON_NAME = AppIcon;
				ASSETCATALOG_COMPILER_GLOBAL_ACCENT_COLOR_NAME = AccentColor;
				CODE_SIGN_STYLE = Automatic;
				CURRENT_PROJECT_VERSION = 1;
				GENERATE_INFOPLIST_FILE = YES;
				INFOPLIST_FILE = Networking/Info.plist;
				INFOPLIST_KEY_UIApplicationSupportsIndirectInputEvents = YES;
				INFOPLIST_KEY_UILaunchStoryboardName = LaunchScreen;
				INFOPLIST_KEY_UIMainStoryboardFile = Main;
				INFOPLIST_KEY_UISupportedInterfaceOrientations_iPad = "UIInterfaceOrientationPortrait UIInterfaceOrientationPortraitUpsideDown UIInterfaceOrientationLandscapeLeft UIInterfaceOrientationLandscapeRight";
				INFOPLIST_KEY_UISupportedInterfaceOrientations_iPhone = "UIInterfaceOrientationPortrait UIInterfaceOrientationLandscapeLeft UIInterfaceOrientationLandscapeRight";
				LD_RUNPATH_SEARCH_PATHS = (
					"$(inherited)",
					"@executable_path/Frameworks",
				);
				MARKETING_VERSION = 1.0;
				PRODUCT_BUNDLE_IDENTIFIER = ODN.Networking;
				PRODUCT_NAME = "$(TARGET_NAME)";
				SWIFT_EMIT_LOC_STRINGS = YES;
				SWIFT_VERSION = 5.0;
				TARGETED_DEVICE_FAMILY = "1,2";
			};
			name = Debug;
		};
		1956572A28BCD1BA00FF4207 /* Release */ = {
			isa = XCBuildConfiguration;
			buildSettings = {
				ASSETCATALOG_COMPILER_APPICON_NAME = AppIcon;
				ASSETCATALOG_COMPILER_GLOBAL_ACCENT_COLOR_NAME = AccentColor;
				CODE_SIGN_STYLE = Automatic;
				CURRENT_PROJECT_VERSION = 1;
				GENERATE_INFOPLIST_FILE = YES;
				INFOPLIST_FILE = Networking/Info.plist;
				INFOPLIST_KEY_UIApplicationSupportsIndirectInputEvents = YES;
				INFOPLIST_KEY_UILaunchStoryboardName = LaunchScreen;
				INFOPLIST_KEY_UIMainStoryboardFile = Main;
				INFOPLIST_KEY_UISupportedInterfaceOrientations_iPad = "UIInterfaceOrientationPortrait UIInterfaceOrientationPortraitUpsideDown UIInterfaceOrientationLandscapeLeft UIInterfaceOrientationLandscapeRight";
				INFOPLIST_KEY_UISupportedInterfaceOrientations_iPhone = "UIInterfaceOrientationPortrait UIInterfaceOrientationLandscapeLeft UIInterfaceOrientationLandscapeRight";
				LD_RUNPATH_SEARCH_PATHS = (
					"$(inherited)",
					"@executable_path/Frameworks",
				);
				MARKETING_VERSION = 1.0;
				PRODUCT_BUNDLE_IDENTIFIER = ODN.Networking;
				PRODUCT_NAME = "$(TARGET_NAME)";
				SWIFT_EMIT_LOC_STRINGS = YES;
				SWIFT_VERSION = 5.0;
				TARGETED_DEVICE_FAMILY = "1,2";
			};
			name = Release;
		};
/* End XCBuildConfiguration section */

/* Begin XCConfigurationList section */
		1956570F28BCD1B800FF4207 /* Build configuration list for PBXProject "Networking" */ = {
			isa = XCConfigurationList;
			buildConfigurations = (
				1956572628BCD1BA00FF4207 /* Debug */,
				1956572728BCD1BA00FF4207 /* Release */,
			);
			defaultConfigurationIsVisible = 0;
			defaultConfigurationName = Release;
		};
		1956572828BCD1BA00FF4207 /* Build configuration list for PBXNativeTarget "Networking" */ = {
			isa = XCConfigurationList;
			buildConfigurations = (
				1956572928BCD1BA00FF4207 /* Debug */,
				1956572A28BCD1BA00FF4207 /* Release */,
			);
			defaultConfigurationIsVisible = 0;
			defaultConfigurationName = Release;
		};
/* End XCConfigurationList section */

/* Begin XCRemoteSwiftPackageReference section */
		1956573F28C08DBF00FF4207 /* XCRemoteSwiftPackageReference "Alamofire" */ = {
			isa = XCRemoteSwiftPackageReference;
			repositoryURL = "https://github.com/Alamofire/Alamofire#installation";
			requirement = {
				kind = upToNextMajorVersion;
				minimumVersion = 5.0.0;
			};
		};
/* End XCRemoteSwiftPackageReference section */

/* Begin XCSwiftPackageProductDependency section */
		1956574028C08DBF00FF4207 /* Alamofire */ = {
			isa = XCSwiftPackageProductDependency;
			package = 1956573F28C08DBF00FF4207 /* XCRemoteSwiftPackageReference "Alamofire" */;
			productName = Alamofire;
		};
/* End XCSwiftPackageProductDependency section */
	};
	rootObject = 1956570C28BCD1B800FF4207 /* Project object */;
}
